{
  "nodes": {
    "nixpkgs": {
      "locked": {
        "lastModified": 1620163737,
        "narHash": "sha256-iL/CZOucut9MUxQ4BWPlKBbVrEU38GP7/635PINZFUI=",
        "owner": "NixOS",
        "repo": "nixpkgs",
        "rev": "1083927067ebd11eac9ca18702edf01114909bde",
        "type": "github"
      },
      "original": {
        "id": "nixpkgs",
        "type": "indirect"
      }
    },
    "root": {
      "inputs": {
        "nixpkgs": "nixpkgs"
      }
    }
  },
  "root": "root",
  "version": 7
}
